
Microsoft Visual Studio Solution File, Format Version 12.00
# Visual Studio Version 16
VisualStudioVersion = 16.0.29709.97
MinimumVisualStudioVersion = 10.0.40219.1
Project("{9A19103F-16F7-4668-BE54-9A1E7A4F7556}") = "SlackCoffee", "SlackCoffee\SlackCoffee.csproj", "{AB30F285-3E00-4819-B701-4B0BE47177AB}"
EndProject
Project("{9A19103F-16F7-4668-BE54-9A1E7A4F7556}") = "SlackCoffee.Test", "SlackCoffee.Test\SlackCoffee.Test.csproj", "{50D4BCAE-03CF-4F68-8A6D-0831FA30348F}"
EndProject
Project("{9A19103F-16F7-4668-BE54-9A1E7A4F7556}") = "SlackBot", "SlackBot\SlackBot\SlackBot\SlackBot.csproj", "{C2ADDBEC-04E6-4DCB-BE10-6CB8F8A6E125}"
EndProject
Global
	GlobalSection(SolutionConfigurationPlatforms) = preSolution
		Debug|Any CPU = Debug|Any CPU
		Release|Any CPU = Release|Any CPU
	EndGlobalSection
	GlobalSection(ProjectConfigurationPlatforms) = postSolution
		{AB30F285-3E00-4819-B701-4B0BE47177AB}.Debug|Any CPU.ActiveCfg = Debug|Any CPU
		{AB30F285-3E00-4819-B701-4B0BE47177AB}.Debug|Any CPU.Build.0 = Debug|Any CPU
		{AB30F285-3E00-4819-B701-4B0BE47177AB}.Release|Any CPU.ActiveCfg = Release|Any CPU
		{AB30F285-3E00-4819-B701-4B0BE47177AB}.Release|Any CPU.Build.0 = Release|Any CPU
		{50D4BCAE-03CF-4F68-8A6D-0831FA30348F}.Debug|Any CPU.ActiveCfg = Debug|Any CPU
		{50D4BCAE-03CF-4F68-8A6D-0831FA30348F}.Debug|Any CPU.Build.0 = Debug|Any CPU
		{50D4BCAE-03CF-4F68-8A6D-0831FA30348F}.Release|Any CPU.ActiveCfg = Release|Any CPU
		{50D4BCAE-03CF-4F68-8A6D-0831FA30348F}.Release|Any CPU.Build.0 = Release|Any CPU
		{C2ADDBEC-04E6-4DCB-BE10-6CB8F8A6E125}.Debug|Any CPU.ActiveCfg = Debug|Any CPU
		{C2ADDBEC-04E6-4DCB-BE10-6CB8F8A6E125}.Debug|Any CPU.Build.0 = Debug|Any CPU
		{C2ADDBEC-04E6-4DCB-BE10-6CB8F8A6E125}.Release|Any CPU.ActiveCfg = Release|Any CPU
		{C2ADDBEC-04E6-4DCB-BE10-6CB8F8A6E125}.Release|Any CPU.Build.0 = Release|Any CPU
	EndGlobalSection
	GlobalSection(SolutionProperties) = preSolution
		HideSolutionNode = FALSE
	EndGlobalSection
	GlobalSection(ExtensibilityGlobals) = postSolution
		SolutionGuid = {F0A26B41-1CD0-4A88-80A9-D0C1C87C6CBB}
	EndGlobalSection
EndGlobal
